// !$*UTF8*$!
{
	archiveVersion = 1;
	classes = {
	};
	objectVersion = 46;
	objects = {

/* Begin PBXBuildFile section */
		2B79B6321CE0D88800956EF0 /* AppDelegate.swift in Sources */ = {isa = PBXBuildFile; fileRef = 2B79B6311CE0D88800956EF0 /* AppDelegate.swift */; };
		2B79B6341CE0D88800956EF0 /* ViewController.swift in Sources */ = {isa = PBXBuildFile; fileRef = 2B79B6331CE0D88800956EF0 /* ViewController.swift */; };
		2B79B6371CE0D88800956EF0 /* Main.storyboard in Resources */ = {isa = PBXBuildFile; fileRef = 2B79B6351CE0D88800956EF0 /* Main.storyboard */; };
		2B79B6391CE0D88800956EF0 /* Assets.xcassets in Resources */ = {isa = PBXBuildFile; fileRef = 2B79B6381CE0D88800956EF0 /* Assets.xcassets */; };
		2B79B63C1CE0D88800956EF0 /* LaunchScreen.storyboard in Resources */ = {isa = PBXBuildFile; fileRef = 2B79B63A1CE0D88800956EF0 /* LaunchScreen.storyboard */; };
		2B79B6471CE0D88800956EF0 /* FizzBuzzTests.swift in Sources */ = {isa = PBXBuildFile; fileRef = 2B79B6461CE0D88800956EF0 /* FizzBuzzTests.swift */; };
		2B79B6521CE0D88800956EF0 /* FizzBuzzUITests.swift in Sources */ = {isa = PBXBuildFile; fileRef = 2B79B6511CE0D88800956EF0 /* FizzBuzzUITests.swift */; };
/* End PBXBuildFile section */

/* Begin PBXContainerItemProxy section */
		2B79B6431CE0D88800956EF0 /* PBXContainerItemProxy */ = {
			isa = PBXContainerItemProxy;
			containerPortal = 2B79B6261CE0D88800956EF0 /* Project object */;
			proxyType = 1;
			remoteGlobalIDString = 2B79B62D1CE0D88800956EF0;
			remoteInfo = FizzBuzz;
		};
		2B79B64E1CE0D88800956EF0 /* PBXContainerItemProxy */ = {
			isa = PBXContainerItemProxy;
			containerPortal = 2B79B6261CE0D88800956EF0 /* Project object */;
			proxyType = 1;
			remoteGlobalIDString = 2B79B62D1CE0D88800956EF0;
			remoteInfo = FizzBuzz;
		};
/* End PBXContainerItemProxy section */

/* Begin PBXFileReference section */
		2B79B62E1CE0D88800956EF0 /* FizzBuzz.app */ = {isa = PBXFileReference; explicitFileType = wrapper.application; includeInIndex = 0; path = FizzBuzz.app; sourceTree = BUILT_PRODUCTS_DIR; };
		2B79B6311CE0D88800956EF0 /* AppDelegate.swift */ = {isa = PBXFileReference; lastKnownFileType = sourcecode.swift; path = AppDelegate.swift; sourceTree = "<group>"; };
		2B79B6331CE0D88800956EF0 /* ViewController.swift */ = {isa = PBXFileReference; lastKnownFileType = sourcecode.swift; path = ViewController.swift; sourceTree = "<group>"; };
		2B79B6361CE0D88800956EF0 /* Base */ = {isa = PBXFileReference; lastKnownFileType = file.storyboard; name = Base; path = Base.lproj/Main.storyboard; sourceTree = "<group>"; };
		2B79B6381CE0D88800956EF0 /* Assets.xcassets */ = {isa = PBXFileReference; lastKnownFileType = folder.assetcatalog; path = Assets.xcassets; sourceTree = "<group>"; };
		2B79B63B1CE0D88800956EF0 /* Base */ = {isa = PBXFileReference; lastKnownFileType = file.storyboard; name = Base; path = Base.lproj/LaunchScreen.storyboard; sourceTree = "<group>"; };
		2B79B63D1CE0D88800956EF0 /* Info.plist */ = {isa = PBXFileReference; lastKnownFileType = text.plist.xml; path = Info.plist; sourceTree = "<group>"; };
		2B79B6421CE0D88800956EF0 /* FizzBuzzTests.xctest */ = {isa = PBXFileReference; explicitFileType = wrapper.cfbundle; includeInIndex = 0; path = FizzBuzzTests.xctest; sourceTree = BUILT_PRODUCTS_DIR; };
		2B79B6461CE0D88800956EF0 /* FizzBuzzTests.swift */ = {isa = PBXFileReference; lastKnownFileType = sourcecode.swift; path = FizzBuzzTests.swift; sourceTree = "<group>"; };
		2B79B6481CE0D88800956EF0 /* Info.plist */ = {isa = PBXFileReference; lastKnownFileType = text.plist.xml; path = Info.plist; sourceTree = "<group>"; };
		2B79B64D1CE0D88800956EF0 /* FizzBuzzUITests.xctest */ = {isa = PBXFileReference; explicitFileType = wrapper.cfbundle; includeInIndex = 0; path = FizzBuzzUITests.xctest; sourceTree = BUILT_PRODUCTS_DIR; };
		2B79B6511CE0D88800956EF0 /* FizzBuzzUITests.swift */ = {isa = PBXFileReference; lastKnownFileType = sourcecode.swift; path = FizzBuzzUITests.swift; sourceTree = "<group>"; };
		2B79B6531CE0D88800956EF0 /* Info.plist */ = {isa = PBXFileReference; lastKnownFileType = text.plist.xml; path = Info.plist; sourceTree = "<group>"; };
/* End PBXFileReference section */

/* Begin PBXFrameworksBuildPhase section */
		2B79B62B1CE0D88800956EF0 /* Frameworks */ = {
			isa = PBXFrameworksBuildPhase;
			buildActionMask = 2147483647;
			files = (
			);
			runOnlyForDeploymentPostprocessing = 0;
		};
		2B79B63F1CE0D88800956EF0 /* Frameworks */ = {
			isa = PBXFrameworksBuildPhase;
			buildActionMask = 2147483647;
			files = (
			);
			runOnlyForDeploymentPostprocessing = 0;
		};
		2B79B64A1CE0D88800956EF0 /* Frameworks */ = {
			isa = PBXFrameworksBuildPhase;
			buildActionMask = 2147483647;
			files = (
			);
			runOnlyForDeploymentPostprocessing = 0;
		};
/* End PBXFrameworksBuildPhase section */

/* Begin PBXGroup section */
		2B79B6251CE0D88800956EF0 = {
			isa = PBXGroup;
			children = (
				2B79B6301CE0D88800956EF0 /* FizzBuzz */,
				2B79B6451CE0D88800956EF0 /* FizzBuzzTests */,
				2B79B6501CE0D88800956EF0 /* FizzBuzzUITests */,
				2B79B62F1CE0D88800956EF0 /* Products */,
			);
			sourceTree = "<group>";
		};
		2B79B62F1CE0D88800956EF0 /* Products */ = {
			isa = PBXGroup;
			children = (
				2B79B62E1CE0D88800956EF0 /* FizzBuzz.app */,
				2B79B6421CE0D88800956EF0 /* FizzBuzzTests.xctest */,
				2B79B64D1CE0D88800956EF0 /* FizzBuzzUITests.xctest */,
			);
			name = Products;
			sourceTree = "<group>";
		};
		2B79B6301CE0D88800956EF0 /* FizzBuzz */ = {
			isa = PBXGroup;
			children = (
				2B79B6311CE0D88800956EF0 /* AppDelegate.swift */,
				2B79B6331CE0D88800956EF0 /* ViewController.swift */,
				2B79B6351CE0D88800956EF0 /* Main.storyboard */,
				2B79B6381CE0D88800956EF0 /* Assets.xcassets */,
				2B79B63A1CE0D88800956EF0 /* LaunchScreen.storyboard */,
				2B79B63D1CE0D88800956EF0 /* Info.plist */,
			);
			path = FizzBuzz;
			sourceTree = "<group>";
		};
		2B79B6451CE0D88800956EF0 /* FizzBuzzTests */ = {
			isa = PBXGroup;
			children = (
				2B79B6461CE0D88800956EF0 /* FizzBuzzTests.swift */,
				2B79B6481CE0D88800956EF0 /* Info.plist */,
			);
			path = FizzBuzzTests;
			sourceTree = "<group>";
		};
		2B79B6501CE0D88800956EF0 /* FizzBuzzUITests */ = {
			isa = PBXGroup;
			children = (
				2B79B6511CE0D88800956EF0 /* FizzBuzzUITests.swift */,
				2B79B6531CE0D88800956EF0 /* Info.plist */,
			);
			path = FizzBuzzUITests;
			sourceTree = "<group>";
		};
/* End PBXGroup section */

/* Begin PBXNativeTarget section */
		2B79B62D1CE0D88800956EF0 /* FizzBuzz */ = {
			isa = PBXNativeTarget;
			buildConfigurationList = 2B79B6561CE0D88800956EF0 /* Build configuration list for PBXNativeTarget "FizzBuzz" */;
			buildPhases = (
				2B79B62A1CE0D88800956EF0 /* Sources */,
				2B79B62B1CE0D88800956EF0 /* Frameworks */,
				2B79B62C1CE0D88800956EF0 /* Resources */,
			);
			buildRules = (
			);
			dependencies = (
			);
			name = FizzBuzz;
			productName = FizzBuzz;
			productReference = 2B79B62E1CE0D88800956EF0 /* FizzBuzz.app */;
			productType = "com.apple.product-type.application";
		};
		2B79B6411CE0D88800956EF0 /* FizzBuzzTests */ = {
			isa = PBXNativeTarget;
			buildConfigurationList = 2B79B6591CE0D88800956EF0 /* Build configuration list for PBXNativeTarget "FizzBuzzTests" */;
			buildPhases = (
				2B79B63E1CE0D88800956EF0 /* Sources */,
				2B79B63F1CE0D88800956EF0 /* Frameworks */,
				2B79B6401CE0D88800956EF0 /* Resources */,
			);
			buildRules = (
			);
			dependencies = (
				2B79B6441CE0D88800956EF0 /* PBXTargetDependency */,
			);
			name = FizzBuzzTests;
			productName = FizzBuzzTests;
			productReference = 2B79B6421CE0D88800956EF0 /* FizzBuzzTests.xctest */;
			productType = "com.apple.product-type.bundle.unit-test";
		};
		2B79B64C1CE0D88800956EF0 /* FizzBuzzUITests */ = {
			isa = PBXNativeTarget;
			buildConfigurationList = 2B79B65C1CE0D88800956EF0 /* Build configuration list for PBXNativeTarget "FizzBuzzUITests" */;
			buildPhases = (
				2B79B6491CE0D88800956EF0 /* Sources */,
				2B79B64A1CE0D88800956EF0 /* Frameworks */,
				2B79B64B1CE0D88800956EF0 /* Resources */,
			);
			buildRules = (
			);
			dependencies = (
				2B79B64F1CE0D88800956EF0 /* PBXTargetDependency */,
			);
			name = FizzBuzzUITests;
			productName = FizzBuzzUITests;
			productReference = 2B79B64D1CE0D88800956EF0 /* FizzBuzzUITests.xctest */;
			productType = "com.apple.product-type.bundle.ui-testing";
		};
/* End PBXNativeTarget section */

/* Begin PBXProject section */
		2B79B6261CE0D88800956EF0 /* Project object */ = {
			isa = PBXProject;
			attributes = {
				LastSwiftUpdateCheck = 0730;
				LastUpgradeCheck = 0730;
				ORGANIZATIONNAME = "Drew Bigelow";
				TargetAttributes = {
					2B79B62D1CE0D88800956EF0 = {
						CreatedOnToolsVersion = 7.3;
					};
					2B79B6411CE0D88800956EF0 = {
						CreatedOnToolsVersion = 7.3;
						TestTargetID = 2B79B62D1CE0D88800956EF0;
					};
					2B79B64C1CE0D88800956EF0 = {
						CreatedOnToolsVersion = 7.3;
						TestTargetID = 2B79B62D1CE0D88800956EF0;
					};
				};
			};
			buildConfigurationList = 2B79B6291CE0D88800956EF0 /* Build configuration list for PBXProject "FizzBuzz" */;
			compatibilityVersion = "Xcode 3.2";
			developmentRegion = English;
			hasScannedForEncodings = 0;
			knownRegions = (
				en,
				Base,
			);
			mainGroup = 2B79B6251CE0D88800956EF0;
			productRefGroup = 2B79B62F1CE0D88800956EF0 /* Products */;
			projectDirPath = "";
			projectRoot = "";
			targets = (
				2B79B62D1CE0D88800956EF0 /* FizzBuzz */,
				2B79B6411CE0D88800956EF0 /* FizzBuzzTests */,
				2B79B64C1CE0D88800956EF0 /* FizzBuzzUITests */,
			);
		};
/* End PBXProject section */

/* Begin PBXResourcesBuildPhase section */
		2B79B62C1CE0D88800956EF0 /* Resources */ = {
			isa = PBXResourcesBuildPhase;
			buildActionMask = 2147483647;
			files = (
				2B79B63C1CE0D88800956EF0 /* LaunchScreen.storyboard in Resources */,
				2B79B6391CE0D88800956EF0 /* Assets.xcassets in Resources */,
				2B79B6371CE0D88800956EF0 /* Main.storyboard in Resources */,
			);
			runOnlyForDeploymentPostprocessing = 0;
		};
		2B79B6401CE0D88800956EF0 /* Resources */ = {
			isa = PBXResourcesBuildPhase;
			buildActionMask = 2147483647;
			files = (
			);
			runOnlyForDeploymentPostprocessing = 0;
		};
		2B79B64B1CE0D88800956EF0 /* Resources */ = {
			isa = PBXResourcesBuildPhase;
			buildActionMask = 2147483647;
			files = (
			);
			runOnlyForDeploymentPostprocessing = 0;
		};
/* End PBXResourcesBuildPhase section */

/* Begin PBXSourcesBuildPhase section */
		2B79B62A1CE0D88800956EF0 /* Sources */ = {
			isa = PBXSourcesBuildPhase;
			buildActionMask = 2147483647;
			files = (
				2B79B6341CE0D88800956EF0 /* ViewController.swift in Sources */,
				2B79B6321CE0D88800956EF0 /* AppDelegate.swift in Sources */,
			);
			runOnlyForDeploymentPostprocessing = 0;
		};
		2B79B63E1CE0D88800956EF0 /* Sources */ = {
			isa = PBXSourcesBuildPhase;
			buildActionMask = 2147483647;
			files = (
				2B79B6471CE0D88800956EF0 /* FizzBuzzTests.swift in Sources */,
			);
			runOnlyForDeploymentPostprocessing = 0;
		};
		2B79B6491CE0D88800956EF0 /* Sources */ = {
			isa = PBXSourcesBuildPhase;
			buildActionMask = 2147483647;
			files = (
				2B79B6521CE0D88800956EF0 /* FizzBuzzUITests.swift in Sources */,
			);
			runOnlyForDeploymentPostprocessing = 0;
		};
/* End PBXSourcesBuildPhase section */

/* Begin PBXTargetDependency section */
		2B79B6441CE0D88800956EF0 /* PBXTargetDependency */ = {
			isa = PBXTargetDependency;
			target = 2B79B62D1CE0D88800956EF0 /* FizzBuzz */;
			targetProxy = 2B79B6431CE0D88800956EF0 /* PBXContainerItemProxy */;
		};
		2B79B64F1CE0D88800956EF0 /* PBXTargetDependency */ = {
			isa = PBXTargetDependency;
			target = 2B79B62D1CE0D88800956EF0 /* FizzBuzz */;
			targetProxy = 2B79B64E1CE0D88800956EF0 /* PBXContainerItemProxy */;
		};
/* End PBXTargetDependency section */

/* Begin PBXVariantGroup section */
		2B79B6351CE0D88800956EF0 /* Main.storyboard */ = {
			isa = PBXVariantGroup;
			children = (
				2B79B6361CE0D88800956EF0 /* Base */,
			);
			name = Main.storyboard;
			sourceTree = "<group>";
		};
		2B79B63A1CE0D88800956EF0 /* LaunchScreen.storyboard */ = {
			isa = PBXVariantGroup;
			children = (
				2B79B63B1CE0D88800956EF0 /* Base */,
			);
			name = LaunchScreen.storyboard;
			sourceTree = "<group>";
		};
/* End PBXVariantGroup section */

/* Begin XCBuildConfiguration section */
		2B79B6541CE0D88800956EF0 /* Debug */ = {
			isa = XCBuildConfiguration;
			buildSettings = {
				ALWAYS_SEARCH_USER_PATHS = NO;
				CLANG_ANALYZER_NONNULL = YES;
				CLANG_CXX_LANGUAGE_STANDARD = "gnu++0x";
				CLANG_CXX_LIBRARY = "libc++";
				CLANG_ENABLE_MODULES = YES;
				CLANG_ENABLE_OBJC_ARC = YES;
				CLANG_WARN_BOOL_CONVERSION = YES;
				CLANG_WARN_CONSTANT_CONVERSION = YES;
				CLANG_WARN_DIRECT_OBJC_ISA_USAGE = YES_ERROR;
				CLANG_WARN_EMPTY_BODY = YES;
				CLANG_WARN_ENUM_CONVERSION = YES;
				CLANG_WARN_INT_CONVERSION = YES;
				CLANG_WARN_OBJC_ROOT_CLASS = YES_ERROR;
				CLANG_WARN_UNREACHABLE_CODE = YES;
				CLANG_WARN__DUPLICATE_METHOD_MATCH = YES;
				"CODE_SIGN_IDENTITY[sdk=iphoneos*]" = "iPhone Developer";
				COPY_PHASE_STRIP = NO;
				DEBUG_INFORMATION_FORMAT = dwarf;
				ENABLE_STRICT_OBJC_MSGSEND = YES;
				ENABLE_TESTABILITY = YES;
				GCC_C_LANGUAGE_STANDARD = gnu99;
				GCC_DYNAMIC_NO_PIC = NO;
				GCC_NO_COMMON_BLOCKS = YES;
				GCC_OPTIMIZATION_LEVEL = 0;
				GCC_PREPROCESSOR_DEFINITIONS = (
					"DEBUG=1",
					"$(inherited)",
				);
				GCC_WARN_64_TO_32_BIT_CONVERSION = YES;
				GCC_WARN_ABOUT_RETURN_TYPE = YES_ERROR;
				GCC_WARN_UNDECLARED_SELECTOR = YES;
				GCC_WARN_UNINITIALIZED_AUTOS = YES_AGGRESSIVE;
				GCC_WARN_UNUSED_FUNCTION = YES;
				GCC_WARN_UNUSED_VARIABLE = YES;
				IPHONEOS_DEPLOYMENT_TARGET = 9.3;
				MTL_ENABLE_DEBUG_INFO = YES;
				ONLY_ACTIVE_ARCH = YES;
				SDKROOT = iphoneos;
				SWIFT_OPTIMIZATION_LEVEL = "-Onone";
				TARGETED_DEVICE_FAMILY = "1,2";
			};
			name = Debug;
		};
		2B79B6551CE0D88800956EF0 /* Release */ = {
			isa = XCBuildConfiguration;
			buildSettings = {
				ALWAYS_SEARCH_USER_PATHS = NO;
				CLANG_ANALYZER_NONNULL = YES;
				CLANG_CXX_LANGUAGE_STANDARD = "gnu++0x";
				CLANG_CXX_LIBRARY = "libc++";
				CLANG_ENABLE_MODULES = YES;
				CLANG_ENABLE_OBJC_ARC = YES;
				CLANG_WARN_BOOL_CONVERSION = YES;
				CLANG_WARN_CONSTANT_CONVERSION = YES;
				CLANG_WARN_DIRECT_OBJC_ISA_USAGE = YES_ERROR;
				CLANG_WARN_EMPTY_BODY = YES;
				CLANG_WARN_ENUM_CONVERSION = YES;
				CLANG_WARN_INT_CONVERSION = YES;
				CLANG_WARN_OBJC_ROOT_CLASS = YES_ERROR;
				CLANG_WARN_UNREACHABLE_CODE = YES;
				CLANG_WARN__DUPLICATE_METHOD_MATCH = YES;
				"CODE_SIGN_IDENTITY[sdk=iphoneos*]" = "iPhone Developer";
				COPY_PHASE_STRIP = NO;
				DEBUG_INFORMATION_FORMAT = "dwarf-with-dsym";
				ENABLE_NS_ASSERTIONS = NO;
				ENABLE_STRICT_OBJC_MSGSEND = YES;
				GCC_C_LANGUAGE_STANDARD = gnu99;
				GCC_NO_COMMON_BLOCKS = YES;
				GCC_WARN_64_TO_32_BIT_CONVERSION = YES;
				GCC_WARN_ABOUT_RETURN_TYPE = YES_ERROR;
				GCC_WARN_UNDECLARED_SELECTOR = YES;
				GCC_WARN_UNINITIALIZED_AUTOS = YES_AGGRESSIVE;
				GCC_WARN_UNUSED_FUNCTION = YES;
				GCC_WARN_UNUSED_VARIABLE = YES;
				IPHONEOS_DEPLOYMENT_TARGET = 9.3;
				MTL_ENABLE_DEBUG_INFO = NO;
				SDKROOT = iphoneos;
				TARGETED_DEVICE_FAMILY = "1,2";
				VALIDATE_PRODUCT = YES;
			};
			name = Release;
		};
		2B79B6571CE0D88800956EF0 /* Debug */ = {
			isa = XCBuildConfiguration;
			buildSettings = {
				ASSETCATALOG_COMPILER_APPICON_NAME = AppIcon;
				INFOPLIST_FILE = FizzBuzz/Info.plist;
				LD_RUNPATH_SEARCH_PATHS = "$(inherited) @executable_path/Frameworks";
				PRODUCT_BUNDLE_IDENTIFIER = "com.Drew-Bigelow.FizzBuzz";
				PRODUCT_NAME = "$(TARGET_NAME)";
			};
			name = Debug;
		};
		2B79B6581CE0D88800956EF0 /* Release */ = {
			isa = XCBuildConfiguration;
			buildSettings = {
				ASSETCATALOG_COMPILER_APPICON_NAME = AppIcon;
				INFOPLIST_FILE = FizzBuzz/Info.plist;
				LD_RUNPATH_SEARCH_PATHS = "$(inherited) @executable_path/Frameworks";
				PRODUCT_BUNDLE_IDENTIFIER = "com.Drew-Bigelow.FizzBuzz";
				PRODUCT_NAME = "$(TARGET_NAME)";
			};
			name = Release;
		};
		2B79B65A1CE0D88800956EF0 /* Debug */ = {
			isa = XCBuildConfiguration;
			buildSettings = {
				BUNDLE_LOADER = "$(TEST_HOST)";
				INFOPLIST_FILE = FizzBuzzTests/Info.plist;
				LD_RUNPATH_SEARCH_PATHS = "$(inherited) @executable_path/Frameworks @loader_path/Frameworks";
				PRODUCT_BUNDLE_IDENTIFIER = "com.Drew-Bigelow.FizzBuzzTests";
				PRODUCT_NAME = "$(TARGET_NAME)";
				TEST_HOST = "$(BUILT_PRODUCTS_DIR)/FizzBuzz.app/FizzBuzz";
			};
			name = Debug;
		};
		2B79B65B1CE0D88800956EF0 /* Release */ = {
			isa = XCBuildConfiguration;
			buildSettings = {
				BUNDLE_LOADER = "$(TEST_HOST)";
				INFOPLIST_FILE = FizzBuzzTests/Info.plist;
				LD_RUNPATH_SEARCH_PATHS = "$(inherited) @executable_path/Frameworks @loader_path/Frameworks";
				PRODUCT_BUNDLE_IDENTIFIER = "com.Drew-Bigelow.FizzBuzzTests";
				PRODUCT_NAME = "$(TARGET_NAME)";
				TEST_HOST = "$(BUILT_PRODUCTS_DIR)/FizzBuzz.app/FizzBuzz";
			};
			name = Release;
		};
		2B79B65D1CE0D88800956EF0 /* Debug */ = {
			isa = XCBuildConfiguration;
			buildSettings = {
				INFOPLIST_FILE = FizzBuzzUITests/Info.plist;
				LD_RUNPATH_SEARCH_PATHS = "$(inherited) @executable_path/Frameworks @loader_path/Frameworks";
				PRODUCT_BUNDLE_IDENTIFIER = "com.Drew-Bigelow.FizzBuzzUITests";
				PRODUCT_NAME = "$(TARGET_NAME)";
				TEST_TARGET_NAME = FizzBuzz;
			};
			name = Debug;
		};
		2B79B65E1CE0D88800956EF0 /* Release */ = {
			isa = XCBuildConfiguration;
			buildSettings = {
				INFOPLIST_FILE = FizzBuzzUITests/Info.plist;
				LD_RUNPATH_SEARCH_PATHS = "$(inherited) @executable_path/Frameworks @loader_path/Frameworks";
				PRODUCT_BUNDLE_IDENTIFIER = "com.Drew-Bigelow.FizzBuzzUITests";
				PRODUCT_NAME = "$(TARGET_NAME)";
				TEST_TARGET_NAME = FizzBuzz;
			};
			name = Release;
		};
/* End XCBuildConfiguration section */

/* Begin XCConfigurationList section */
		2B79B6291CE0D88800956EF0 /* Build configuration list for PBXProject "FizzBuzz" */ = {
			isa = XCConfigurationList;
			buildConfigurations = (
				2B79B6541CE0D88800956EF0 /* Debug */,
				2B79B6551CE0D88800956EF0 /* Release */,
			);
			defaultConfigurationIsVisible = 0;
			defaultConfigurationName = Release;
		};
		2B79B6561CE0D88800956EF0 /* Build configuration list for PBXNativeTarget "FizzBuzz" */ = {
			isa = XCConfigurationList;
			buildConfigurations = (
				2B79B6571CE0D88800956EF0 /* Debug */,
				2B79B6581CE0D88800956EF0 /* Release */,
			);
			defaultConfigurationIsVisible = 0;
		};
		2B79B6591CE0D88800956EF0 /* Build configuration list for PBXNativeTarget "FizzBuzzTests" */ = {
			isa = XCConfigurationList;
			buildConfigurations = (
				2B79B65A1CE0D88800956EF0 /* Debug */,
				2B79B65B1CE0D88800956EF0 /* Release */,
			);
			defaultConfigurationIsVisible = 0;
		};
		2B79B65C1CE0D88800956EF0 /* Build configuration list for PBXNativeTarget "FizzBuzzUITests" */ = {
			isa = XCConfigurationList;
			buildConfigurations = (
				2B79B65D1CE0D88800956EF0 /* Debug */,
				2B79B65E1CE0D88800956EF0 /* Release */,
			);
			defaultConfigurationIsVisible = 0;
		};
/* End XCConfigurationList section */
	};
	rootObject = 2B79B6261CE0D88800956EF0 /* Project object */;
}
